
Microsoft Visual Studio Solution File, Format Version 12.00
# Visual Studio 2013
VisualStudioVersion = 12.0.30110.0
MinimumVisualStudioVersion = 10.0.40219.1
Project("{FAE04EC0-301F-11D3-BF4B-00C04F79EFBC}") = "BCM2835", "BCM2835\BCM2835.csproj", "{FFADE630-2337-49F2-889E-68C35A8B527A}"
EndProject
Project("{FAE04EC0-301F-11D3-BF4B-00C04F79EFBC}") = "ConsoleApplication1", "ConsoleApplication1\ConsoleApplication1.csproj", "{B1E91B94-13B1-447B-B6A4-D2AA43D46EF2}"
EndProject
Global
	GlobalSection(SolutionConfigurationPlatforms) = preSolution
		Debug|Any CPU = Debug|Any CPU
		Release|Any CPU = Release|Any CPU
	EndGlobalSection
	GlobalSection(ProjectConfigurationPlatforms) = postSolution
		{FFADE630-2337-49F2-889E-68C35A8B527A}.Debug|Any CPU.ActiveCfg = Debug|Any CPU
		{FFADE630-2337-49F2-889E-68C35A8B527A}.Debug|Any CPU.Build.0 = Debug|Any CPU
		{FFADE630-2337-49F2-889E-68C35A8B527A}.Release|Any CPU.ActiveCfg = Release|Any CPU
		{FFADE630-2337-49F2-889E-68C35A8B527A}.Release|Any CPU.Build.0 = Release|Any CPU
		{B1E91B94-13B1-447B-B6A4-D2AA43D46EF2}.Debug|Any CPU.ActiveCfg = Debug|Any CPU
		{B1E91B94-13B1-447B-B6A4-D2AA43D46EF2}.Debug|Any CPU.Build.0 = Debug|Any CPU
		{B1E91B94-13B1-447B-B6A4-D2AA43D46EF2}.Release|Any CPU.ActiveCfg = Release|Any CPU
		{B1E91B94-13B1-447B-B6A4-D2AA43D46EF2}.Release|Any CPU.Build.0 = Release|Any CPU
	EndGlobalSection
	GlobalSection(SolutionProperties) = preSolution
		HideSolutionNode = FALSE
	EndGlobalSection
EndGlobal
